# THIS IS AN AUTOGENERATED FILE. DO NOT EDIT THIS FILE DIRECTLY.
# yarn lockfile v1


commander@^2.16.0:
  version "2.16.0"
  resolved "https://registry.yarnpkg.com/commander/-/commander-2.16.0.tgz#f16390593996ceb4f3eeb020b31d78528f7f8a50"

debug@^3.1.0:
  version "3.1.0"
  resolved "https://registry.yarnpkg.com/debug/-/debug-3.1.0.tgz#5bb5a0672628b64149566ba16819e61518c67261"
  dependencies:
    ms "2.0.0"

isutf8@^2.0.2:
  version "2.0.2"
  resolved "https://registry.yarnpkg.com/isutf8/-/isutf8-2.0.2.tgz#49d27c759061d29b0a0862bb7c176d73582ca182"

ms@2.0.0:
  version "2.0.0"
  resolved "https://registry.yarnpkg.com/ms/-/ms-2.0.0.tgz#5608aeadfc00be6c2901df5f9861788de0d597c8"
