# THIS IS AN AUTOGENERATED FILE. DO NOT EDIT THIS FILE DIRECTLY.
# yarn lockfile v1


planckmatch@^0.2.1:
  version "0.2.1"
  resolved "https://registry.yarnpkg.com/planckmatch/-/planckmatch-0.2.1.tgz#62018e11be5582f76e54ec1cee0a221a44629f2c"
  integrity sha512-ckBZEvk4h1a5NA/gYej4tNaeUF5IdYbolYB54spNRoI+ypY6CHdr184Cx3s0gWdrl8155N5XO6UMIpxYfPxQvg==
